
Microsoft Visual Studio Solution File, Format Version 12.00
# Visual Studio Version 16
VisualStudioVersion = 16.0.810.7
MinimumVisualStudioVersion = 10.0.40219.1
Project("{FAE04EC0-301F-11D3-BF4B-00C04F79EFBC}") = "Swin-Adventure", "Swin-Adventure\Swin-Adventure.csproj", "{C0AF6A53-892E-4E35-A97D-28564E4B943F}"
EndProject
Project("{FAE04EC0-301F-11D3-BF4B-00C04F79EFBC}") = "IdentifiableObjectUnitTest", "IdentifiableObjectUnitTest\IdentifiableObjectUnitTest.csproj", "{D92119DA-EE22-454D-A6E0-B659ABFE8909}"
EndProject
Global
	GlobalSection(SolutionConfigurationPlatforms) = preSolution
		Debug|Any CPU = Debug|Any CPU
		Release|Any CPU = Release|Any CPU
	EndGlobalSection
	GlobalSection(ProjectConfigurationPlatforms) = postSolution
		{C0AF6A53-892E-4E35-A97D-28564E4B943F}.Debug|Any CPU.ActiveCfg = Debug|Any CPU
		{C0AF6A53-892E-4E35-A97D-28564E4B943F}.Debug|Any CPU.Build.0 = Debug|Any CPU
		{C0AF6A53-892E-4E35-A97D-28564E4B943F}.Release|Any CPU.ActiveCfg = Release|Any CPU
		{C0AF6A53-892E-4E35-A97D-28564E4B943F}.Release|Any CPU.Build.0 = Release|Any CPU
		{D92119DA-EE22-454D-A6E0-B659ABFE8909}.Debug|Any CPU.ActiveCfg = Debug|Any CPU
		{D92119DA-EE22-454D-A6E0-B659ABFE8909}.Debug|Any CPU.Build.0 = Debug|Any CPU
		{D92119DA-EE22-454D-A6E0-B659ABFE8909}.Release|Any CPU.ActiveCfg = Release|Any CPU
		{D92119DA-EE22-454D-A6E0-B659ABFE8909}.Release|Any CPU.Build.0 = Release|Any CPU
	EndGlobalSection
	GlobalSection(SolutionProperties) = preSolution
		HideSolutionNode = FALSE
	EndGlobalSection
	GlobalSection(ExtensibilityGlobals) = postSolution
		SolutionGuid = {4317A776-08DF-427B-8AB8-216574AF30A9}
	EndGlobalSection
EndGlobal
