
Microsoft Visual Studio Solution File, Format Version 12.00
# Visual Studio Version 16
VisualStudioVersion = 16.0.810.6
MinimumVisualStudioVersion = 10.0.40219.1
Project("{FAE04EC0-301F-11D3-BF4B-00C04F79EFBC}") = "HelloWorld", "HelloWorld.csproj", "{FD81E0ED-9A0A-42B0-82B9-DA47B44ACD5F}"
EndProject
Global
	GlobalSection(SolutionConfigurationPlatforms) = preSolution
		Debug|Any CPU = Debug|Any CPU
		Release|Any CPU = Release|Any CPU
	EndGlobalSection
	GlobalSection(ProjectConfigurationPlatforms) = postSolution
		{FD81E0ED-9A0A-42B0-82B9-DA47B44ACD5F}.Debug|Any CPU.ActiveCfg = Debug|Any CPU
		{FD81E0ED-9A0A-42B0-82B9-DA47B44ACD5F}.Debug|Any CPU.Build.0 = Debug|Any CPU
		{FD81E0ED-9A0A-42B0-82B9-DA47B44ACD5F}.Release|Any CPU.ActiveCfg = Release|Any CPU
		{FD81E0ED-9A0A-42B0-82B9-DA47B44ACD5F}.Release|Any CPU.Build.0 = Release|Any CPU
	EndGlobalSection
	GlobalSection(SolutionProperties) = preSolution
		HideSolutionNode = FALSE
	EndGlobalSection
	GlobalSection(ExtensibilityGlobals) = postSolution
		SolutionGuid = {EC4EEBBC-19CF-4CC9-B1DC-B8B0B3C97455}
	EndGlobalSection
EndGlobal
